
Microsoft Visual Studio Solution File, Format Version 12.00
# Visual Studio Version 16
VisualStudioVersion = 16.0.30907.101
MinimumVisualStudioVersion = 10.0.40219.1
Project("{FAE04EC0-301F-11D3-BF4B-00C04F79EFBC}") = "DemoAuthAPI", "DemoAuthAPI\DemoAuthAPI.csproj", "{6101A95F-38CB-444C-997C-6D3E845FBFDF}"
EndProject
Project("{FAE04EC0-301F-11D3-BF4B-00C04F79EFBC}") = "Demo.Models", "Demo.Models\Demo.Models.csproj", "{33848AB5-F59F-4C49-9C70-FF14016D4C3E}"
EndProject
Project("{FAE04EC0-301F-11D3-BF4B-00C04F79EFBC}") = "Demo.BL", "Demo.BL\Demo.BL.csproj", "{19F4DA5C-A273-42BA-B4FB-BB8322AB345F}"
EndProject
Project("{FAE04EC0-301F-11D3-BF4B-00C04F79EFBC}") = "Demo.DB", "Demo.DB\Demo.DB.csproj", "{73FD2BBF-7E5E-4817-9206-013787BEB1B2}"
EndProject
Global
	GlobalSection(SolutionConfigurationPlatforms) = preSolution
		Debug|Any CPU = Debug|Any CPU
		Release|Any CPU = Release|Any CPU
	EndGlobalSection
	GlobalSection(ProjectConfigurationPlatforms) = postSolution
		{6101A95F-38CB-444C-997C-6D3E845FBFDF}.Debug|Any CPU.ActiveCfg = Debug|Any CPU
		{6101A95F-38CB-444C-997C-6D3E845FBFDF}.Debug|Any CPU.Build.0 = Debug|Any CPU
		{6101A95F-38CB-444C-997C-6D3E845FBFDF}.Release|Any CPU.ActiveCfg = Release|Any CPU
		{6101A95F-38CB-444C-997C-6D3E845FBFDF}.Release|Any CPU.Build.0 = Release|Any CPU
		{33848AB5-F59F-4C49-9C70-FF14016D4C3E}.Debug|Any CPU.ActiveCfg = Debug|Any CPU
		{33848AB5-F59F-4C49-9C70-FF14016D4C3E}.Debug|Any CPU.Build.0 = Debug|Any CPU
		{33848AB5-F59F-4C49-9C70-FF14016D4C3E}.Release|Any CPU.ActiveCfg = Release|Any CPU
		{33848AB5-F59F-4C49-9C70-FF14016D4C3E}.Release|Any CPU.Build.0 = Release|Any CPU
		{19F4DA5C-A273-42BA-B4FB-BB8322AB345F}.Debug|Any CPU.ActiveCfg = Debug|Any CPU
		{19F4DA5C-A273-42BA-B4FB-BB8322AB345F}.Debug|Any CPU.Build.0 = Debug|Any CPU
		{19F4DA5C-A273-42BA-B4FB-BB8322AB345F}.Release|Any CPU.ActiveCfg = Release|Any CPU
		{19F4DA5C-A273-42BA-B4FB-BB8322AB345F}.Release|Any CPU.Build.0 = Release|Any CPU
		{73FD2BBF-7E5E-4817-9206-013787BEB1B2}.Debug|Any CPU.ActiveCfg = Debug|Any CPU
		{73FD2BBF-7E5E-4817-9206-013787BEB1B2}.Debug|Any CPU.Build.0 = Debug|Any CPU
		{73FD2BBF-7E5E-4817-9206-013787BEB1B2}.Release|Any CPU.ActiveCfg = Release|Any CPU
		{73FD2BBF-7E5E-4817-9206-013787BEB1B2}.Release|Any CPU.Build.0 = Release|Any CPU
	EndGlobalSection
	GlobalSection(SolutionProperties) = preSolution
		HideSolutionNode = FALSE
	EndGlobalSection
	GlobalSection(ExtensibilityGlobals) = postSolution
		SolutionGuid = {9242DB65-5182-43E0-8811-5997C64412B7}
	EndGlobalSection
EndGlobal
